
Microsoft Visual Studio Solution File, Format Version 12.00
# Visual Studio Version 17
VisualStudioVersion = 17.7.34031.279
MinimumVisualStudioVersion = 10.0.40219.1
Project("{FAE04EC0-301F-11D3-BF4B-00C04F79EFBC}") = "eTicket", "eTicket.csproj", "{AC57C0DD-A212-412E-935D-D3352CE7030E}"
EndProject
Global
	GlobalSection(SolutionConfigurationPlatforms) = preSolution
		Debug|Any CPU = Debug|Any CPU
		Release|Any CPU = Release|Any CPU
	EndGlobalSection
	GlobalSection(ProjectConfigurationPlatforms) = postSolution
		{AC57C0DD-A212-412E-935D-D3352CE7030E}.Debug|Any CPU.ActiveCfg = Debug|Any CPU
		{AC57C0DD-A212-412E-935D-D3352CE7030E}.Debug|Any CPU.Build.0 = Debug|Any CPU
		{AC57C0DD-A212-412E-935D-D3352CE7030E}.Release|Any CPU.ActiveCfg = Release|Any CPU
		{AC57C0DD-A212-412E-935D-D3352CE7030E}.Release|Any CPU.Build.0 = Release|Any CPU
	EndGlobalSection
	GlobalSection(SolutionProperties) = preSolution
		HideSolutionNode = FALSE
	EndGlobalSection
	GlobalSection(ExtensibilityGlobals) = postSolution
		SolutionGuid = {ACE7E3E8-82E8-460C-B742-84E7B9348F3F}
	EndGlobalSection
EndGlobal
